// !$*UTF8*$!
{
	archiveVersion = 1;
	classes = {
	};
	objectVersion = 56;
	objects = {

/* Begin PBXBuildFile section */
		D5439DDD2BAC650400BCFD6F /* GroupChatApp.swift in Sources */ = {isa = PBXBuildFile; fileRef = D5439DDC2BAC650400BCFD6F /* GroupChatApp.swift */; };
		D5439DDF2BAC650400BCFD6F /* ContentView.swift in Sources */ = {isa = PBXBuildFile; fileRef = D5439DDE2BAC650400BCFD6F /* ContentView.swift */; };
		D5439DE12BAC650600BCFD6F /* Assets.xcassets in Resources */ = {isa = PBXBuildFile; fileRef = D5439DE02BAC650600BCFD6F /* Assets.xcassets */; };
		D5439DE42BAC650600BCFD6F /* Preview Assets.xcassets in Resources */ = {isa = PBXBuildFile; fileRef = D5439DE32BAC650600BCFD6F /* Preview Assets.xcassets */; };
		D5439DEC2BAC66DA00BCFD6F /* Message.swift in Sources */ = {isa = PBXBuildFile; fileRef = D5439DEB2BAC66DA00BCFD6F /* Message.swift */; };
		D5439DEF2BAC66FF00BCFD6F /* MessageManager.swift in Sources */ = {isa = PBXBuildFile; fileRef = D5439DEE2BAC66FF00BCFD6F /* MessageManager.swift */; };
		D5439DF22BAC724E00BCFD6F /* FirebaseAnalytics in Frameworks */ = {isa = PBXBuildFile; productRef = D5439DF12BAC724E00BCFD6F /* FirebaseAnalytics */; };
		D5439DF42BAC724E00BCFD6F /* FirebaseAnalyticsOnDeviceConversion in Frameworks */ = {isa = PBXBuildFile; productRef = D5439DF32BAC724E00BCFD6F /* FirebaseAnalyticsOnDeviceConversion */; };
		D5439DF62BAC724E00BCFD6F /* FirebaseAnalyticsSwift in Frameworks */ = {isa = PBXBuildFile; productRef = D5439DF52BAC724E00BCFD6F /* FirebaseAnalyticsSwift */; };
		D5439DF82BAC724E00BCFD6F /* FirebaseAnalyticsWithoutAdIdSupport in Frameworks */ = {isa = PBXBuildFile; productRef = D5439DF72BAC724E00BCFD6F /* FirebaseAnalyticsWithoutAdIdSupport */; };
		D5439DFA2BAC724E00BCFD6F /* FirebaseAppCheck in Frameworks */ = {isa = PBXBuildFile; productRef = D5439DF92BAC724E00BCFD6F /* FirebaseAppCheck */; };
		D5439DFD2BAC72C500BCFD6F /* FirebaseFirestore in Frameworks */ = {isa = PBXBuildFile; productRef = D5439DFC2BAC72C500BCFD6F /* FirebaseFirestore */; };
		D5439DFF2BAC72D200BCFD6F /* FirebaseFirestoreSwift in Frameworks */ = {isa = PBXBuildFile; productRef = D5439DFE2BAC72D200BCFD6F /* FirebaseFirestoreSwift */; };
		D5439E022BAC731A00BCFD6F /* UIView+Extensions.swift in Sources */ = {isa = PBXBuildFile; fileRef = D5439E012BAC731A00BCFD6F /* UIView+Extensions.swift */; };
		D5439E082BAC736E00BCFD6F /* TitleRow.swift in Sources */ = {isa = PBXBuildFile; fileRef = D5439E052BAC736E00BCFD6F /* TitleRow.swift */; };
		D5439E092BAC736E00BCFD6F /* MessageField.swift in Sources */ = {isa = PBXBuildFile; fileRef = D5439E062BAC736E00BCFD6F /* MessageField.swift */; };
		D5439E0A2BAC736E00BCFD6F /* MessageBubble.swift in Sources */ = {isa = PBXBuildFile; fileRef = D5439E072BAC736E00BCFD6F /* MessageBubble.swift */; };
		D5439E0C2BAC74EB00BCFD6F /* GoogleService-Info.plist in Resources */ = {isa = PBXBuildFile; fileRef = D5439E0B2BAC74EB00BCFD6F /* GoogleService-Info.plist */; };
		D5439E0E2BAC768600BCFD6F /* SessionManager.swift in Sources */ = {isa = PBXBuildFile; fileRef = D5439E0D2BAC768600BCFD6F /* SessionManager.swift */; };
		D5439E102BAC774000BCFD6F /* FirebaseAuth in Frameworks */ = {isa = PBXBuildFile; productRef = D5439E0F2BAC774000BCFD6F /* FirebaseAuth */; };
		D5439E122BAC77F700BCFD6F /* LoginView.swift in Sources */ = {isa = PBXBuildFile; fileRef = D5439E112BAC77F700BCFD6F /* LoginView.swift */; };
		D5439E142BAC781500BCFD6F /* RegisterView.swift in Sources */ = {isa = PBXBuildFile; fileRef = D5439E132BAC781500BCFD6F /* RegisterView.swift */; };
		D5439E162BAC784900BCFD6F /* ProfileView.swift in Sources */ = {isa = PBXBuildFile; fileRef = D5439E152BAC784800BCFD6F /* ProfileView.swift */; };
		D5439E182BAC788200BCFD6F /* PrivateMsgView.swift in Sources */ = {isa = PBXBuildFile; fileRef = D5439E172BAC788200BCFD6F /* PrivateMsgView.swift */; };
		D5439E1C2BAC7E0300BCFD6F /* HomeView.swift in Sources */ = {isa = PBXBuildFile; fileRef = D5439E1B2BAC7E0300BCFD6F /* HomeView.swift */; };
		D5439E1E2BAC7E9D00BCFD6F /* GroupsListView.swift in Sources */ = {isa = PBXBuildFile; fileRef = D5439E1D2BAC7E9D00BCFD6F /* GroupsListView.swift */; };
		D5439E262BAD08A300BCFD6F /* AddGroupView.swift in Sources */ = {isa = PBXBuildFile; fileRef = D5439E252BAD08A300BCFD6F /* AddGroupView.swift */; };
		D5439E282BAD09B500BCFD6F /* GroupsVM.swift in Sources */ = {isa = PBXBuildFile; fileRef = D5439E272BAD09B500BCFD6F /* GroupsVM.swift */; };
		D5439E2B2BAD0A4D00BCFD6F /* Utilities.swift in Sources */ = {isa = PBXBuildFile; fileRef = D5439E2A2BAD0A4D00BCFD6F /* Utilities.swift */; };
		D544BAFB2BBE32B1005AE549 /* SearchBar.swift in Sources */ = {isa = PBXBuildFile; fileRef = D544BAFA2BBE32B1005AE549 /* SearchBar.swift */; };
		D544BAFE2BC0C6F2005AE549 /* PrivateListView.swift in Sources */ = {isa = PBXBuildFile; fileRef = D544BAFD2BC0C6F2005AE549 /* PrivateListView.swift */; };
		D544BB002BC0C728005AE549 /* PrivateVM.swift in Sources */ = {isa = PBXBuildFile; fileRef = D544BAFF2BC0C728005AE549 /* PrivateVM.swift */; };
		D544BB022BC0C794005AE549 /* PrivateChatView.swift in Sources */ = {isa = PBXBuildFile; fileRef = D544BB012BC0C794005AE549 /* PrivateChatView.swift */; };
		D544BE022BC1B74A0013C004 /* ProfileHeader.swift in Sources */ = {isa = PBXBuildFile; fileRef = D544BE012BC1B74A0013C004 /* ProfileHeader.swift */; };
		D55F6D492BCDD3DE0048C757 /* ImageCache.swift in Sources */ = {isa = PBXBuildFile; fileRef = D55F6D482BCDD3DE0048C757 /* ImageCache.swift */; };
		D55F6D4B2BCDD4290048C757 /* CachedAsyncImageView.swift in Sources */ = {isa = PBXBuildFile; fileRef = D55F6D4A2BCDD4290048C757 /* CachedAsyncImageView.swift */; };
		D57E00402BDF05EC00C07250 /* CustomTextField.swift in Sources */ = {isa = PBXBuildFile; fileRef = D57E003F2BDF05EC00C07250 /* CustomTextField.swift */; };
		D5AD630C2BAE097A002ECFD0 /* ImagePicker.swift in Sources */ = {isa = PBXBuildFile; fileRef = D5AD630B2BAE097A002ECFD0 /* ImagePicker.swift */; };
		D5AD630E2BAE0E3E002ECFD0 /* FirebaseStorage in Frameworks */ = {isa = PBXBuildFile; productRef = D5AD630D2BAE0E3E002ECFD0 /* FirebaseStorage */; };
		D5AD63102BAE63A1002ECFD0 /* GroupChatView.swift in Sources */ = {isa = PBXBuildFile; fileRef = D5AD630F2BAE63A1002ECFD0 /* GroupChatView.swift */; };
		D5AD63122BAE63E4002ECFD0 /* GroupChatVM.swift in Sources */ = {isa = PBXBuildFile; fileRef = D5AD63112BAE63E4002ECFD0 /* GroupChatVM.swift */; };
		D5AD63142BAE680D002ECFD0 /* GroupMessageBubble.swift in Sources */ = {isa = PBXBuildFile; fileRef = D5AD63132BAE680D002ECFD0 /* GroupMessageBubble.swift */; };
		D5AD63162BAE69A9002ECFD0 /* GroupMsgField.swift in Sources */ = {isa = PBXBuildFile; fileRef = D5AD63152BAE69A9002ECFD0 /* GroupMsgField.swift */; };
		D5AD63192BAF1D41002ECFD0 /* Enums.swift in Sources */ = {isa = PBXBuildFile; fileRef = D5AD63182BAF1D41002ECFD0 /* Enums.swift */; };
		D5AD631B2BAF238A002ECFD0 /* CustomBackButton.swift in Sources */ = {isa = PBXBuildFile; fileRef = D5AD631A2BAF238A002ECFD0 /* CustomBackButton.swift */; };
		D5AD631D2BAF2735002ECFD0 /* RoundedCorner.swift in Sources */ = {isa = PBXBuildFile; fileRef = D5AD631C2BAF2735002ECFD0 /* RoundedCorner.swift */; };
		D5AD631F2BAF27C3002ECFD0 /* UIColor+Extensions.swift in Sources */ = {isa = PBXBuildFile; fileRef = D5AD631E2BAF27C3002ECFD0 /* UIColor+Extensions.swift */; };
		D5BA875D2BBB886B006CEA8C /* GroupMembersView.swift in Sources */ = {isa = PBXBuildFile; fileRef = D5BA875C2BBB886B006CEA8C /* GroupMembersView.swift */; };
		D5C7A3602BBD9D8B00FCAF36 /* TrendingView.swift in Sources */ = {isa = PBXBuildFile; fileRef = D5C7A35F2BBD9D8B00FCAF36 /* TrendingView.swift */; };
		D5FE42F42BB440C200B594DC /* Urbanist-Bold.ttf in Resources */ = {isa = PBXBuildFile; fileRef = D5FE42E22BB440C100B594DC /* Urbanist-Bold.ttf */; };
		D5FE42F52BB440C200B594DC /* Urbanist-Regular.ttf in Resources */ = {isa = PBXBuildFile; fileRef = D5FE42E32BB440C100B594DC /* Urbanist-Regular.ttf */; };
		D5FE42F62BB440C200B594DC /* Urbanist-LightItalic.ttf in Resources */ = {isa = PBXBuildFile; fileRef = D5FE42E42BB440C100B594DC /* Urbanist-LightItalic.ttf */; };
		D5FE42F72BB440C200B594DC /* Urbanist-ExtraLightItalic.ttf in Resources */ = {isa = PBXBuildFile; fileRef = D5FE42E52BB440C100B594DC /* Urbanist-ExtraLightItalic.ttf */; };
		D5FE42F82BB440C200B594DC /* Urbanist-ExtraBoldItalic.ttf in Resources */ = {isa = PBXBuildFile; fileRef = D5FE42E62BB440C100B594DC /* Urbanist-ExtraBoldItalic.ttf */; };
		D5FE42F92BB440C200B594DC /* Urbanist-Thin.ttf in Resources */ = {isa = PBXBuildFile; fileRef = D5FE42E72BB440C100B594DC /* Urbanist-Thin.ttf */; };
		D5FE42FA2BB440C200B594DC /* Urbanist-MediumItalic.ttf in Resources */ = {isa = PBXBuildFile; fileRef = D5FE42E82BB440C100B594DC /* Urbanist-MediumItalic.ttf */; };
		D5FE42FB2BB440C200B594DC /* Urbanist-SemiBold.ttf in Resources */ = {isa = PBXBuildFile; fileRef = D5FE42E92BB440C100B594DC /* Urbanist-SemiBold.ttf */; };
		D5FE42FC2BB440C200B594DC /* Urbanist-Italic.ttf in Resources */ = {isa = PBXBuildFile; fileRef = D5FE42EA2BB440C100B594DC /* Urbanist-Italic.ttf */; };
		D5FE42FD2BB440C200B594DC /* Urbanist-Black.ttf in Resources */ = {isa = PBXBuildFile; fileRef = D5FE42EB2BB440C100B594DC /* Urbanist-Black.ttf */; };
		D5FE42FE2BB440C200B594DC /* Urbanist-BlackItalic.ttf in Resources */ = {isa = PBXBuildFile; fileRef = D5FE42EC2BB440C100B594DC /* Urbanist-BlackItalic.ttf */; };
		D5FE42FF2BB440C200B594DC /* Urbanist-Light.ttf in Resources */ = {isa = PBXBuildFile; fileRef = D5FE42ED2BB440C100B594DC /* Urbanist-Light.ttf */; };
		D5FE43002BB440C200B594DC /* Urbanist-SemiBoldItalic.ttf in Resources */ = {isa = PBXBuildFile; fileRef = D5FE42EE2BB440C100B594DC /* Urbanist-SemiBoldItalic.ttf */; };
		D5FE43012BB440C200B594DC /* Urbanist-BoldItalic.ttf in Resources */ = {isa = PBXBuildFile; fileRef = D5FE42EF2BB440C100B594DC /* Urbanist-BoldItalic.ttf */; };
		D5FE43022BB440C200B594DC /* Urbanist-ExtraBold.ttf in Resources */ = {isa = PBXBuildFile; fileRef = D5FE42F02BB440C100B594DC /* Urbanist-ExtraBold.ttf */; };
		D5FE43032BB440C200B594DC /* Urbanist-Medium.ttf in Resources */ = {isa = PBXBuildFile; fileRef = D5FE42F12BB440C100B594DC /* Urbanist-Medium.ttf */; };
		D5FE43042BB440C200B594DC /* Urbanist-ExtraLight.ttf in Resources */ = {isa = PBXBuildFile; fileRef = D5FE42F22BB440C100B594DC /* Urbanist-ExtraLight.ttf */; };
		D5FE43052BB440C200B594DC /* Urbanist-ThinItalic.ttf in Resources */ = {isa = PBXBuildFile; fileRef = D5FE42F32BB440C100B594DC /* Urbanist-ThinItalic.ttf */; };
/* End PBXBuildFile section */

/* Begin PBXFileReference section */
		D5439DD92BAC650400BCFD6F /* GroupChat.app */ = {isa = PBXFileReference; explicitFileType = wrapper.application; includeInIndex = 0; path = GroupChat.app; sourceTree = BUILT_PRODUCTS_DIR; };
		D5439DDC2BAC650400BCFD6F /* GroupChatApp.swift */ = {isa = PBXFileReference; lastKnownFileType = sourcecode.swift; path = GroupChatApp.swift; sourceTree = "<group>"; };
		D5439DDE2BAC650400BCFD6F /* ContentView.swift */ = {isa = PBXFileReference; lastKnownFileType = sourcecode.swift; path = ContentView.swift; sourceTree = "<group>"; };
		D5439DE02BAC650600BCFD6F /* Assets.xcassets */ = {isa = PBXFileReference; lastKnownFileType = folder.assetcatalog; path = Assets.xcassets; sourceTree = "<group>"; };
		D5439DE32BAC650600BCFD6F /* Preview Assets.xcassets */ = {isa = PBXFileReference; lastKnownFileType = folder.assetcatalog; path = "Preview Assets.xcassets"; sourceTree = "<group>"; };
		D5439DEB2BAC66DA00BCFD6F /* Message.swift */ = {isa = PBXFileReference; lastKnownFileType = sourcecode.swift; path = Message.swift; sourceTree = "<group>"; };
		D5439DEE2BAC66FF00BCFD6F /* MessageManager.swift */ = {isa = PBXFileReference; lastKnownFileType = sourcecode.swift; path = MessageManager.swift; sourceTree = "<group>"; };
		D5439E012BAC731A00BCFD6F /* UIView+Extensions.swift */ = {isa = PBXFileReference; lastKnownFileType = sourcecode.swift; path = "UIView+Extensions.swift"; sourceTree = "<group>"; };
		D5439E052BAC736E00BCFD6F /* TitleRow.swift */ = {isa = PBXFileReference; fileEncoding = 4; lastKnownFileType = sourcecode.swift; path = TitleRow.swift; sourceTree = "<group>"; };
		D5439E062BAC736E00BCFD6F /* MessageField.swift */ = {isa = PBXFileReference; fileEncoding = 4; lastKnownFileType = sourcecode.swift; path = MessageField.swift; sourceTree = "<group>"; };
		D5439E072BAC736E00BCFD6F /* MessageBubble.swift */ = {isa = PBXFileReference; fileEncoding = 4; lastKnownFileType = sourcecode.swift; path = MessageBubble.swift; sourceTree = "<group>"; };
		D5439E0B2BAC74EB00BCFD6F /* GoogleService-Info.plist */ = {isa = PBXFileReference; fileEncoding = 4; lastKnownFileType = text.plist.xml; path = "GoogleService-Info.plist"; sourceTree = "<group>"; };
		D5439E0D2BAC768600BCFD6F /* SessionManager.swift */ = {isa = PBXFileReference; lastKnownFileType = sourcecode.swift; path = SessionManager.swift; sourceTree = "<group>"; };
		D5439E112BAC77F700BCFD6F /* LoginView.swift */ = {isa = PBXFileReference; lastKnownFileType = sourcecode.swift; path = LoginView.swift; sourceTree = "<group>"; };
		D5439E132BAC781500BCFD6F /* RegisterView.swift */ = {isa = PBXFileReference; lastKnownFileType = sourcecode.swift; path = RegisterView.swift; sourceTree = "<group>"; };
		D5439E152BAC784800BCFD6F /* ProfileView.swift */ = {isa = PBXFileReference; lastKnownFileType = sourcecode.swift; path = ProfileView.swift; sourceTree = "<group>"; };
		D5439E172BAC788200BCFD6F /* PrivateMsgView.swift */ = {isa = PBXFileReference; lastKnownFileType = sourcecode.swift; path = PrivateMsgView.swift; sourceTree = "<group>"; };
		D5439E1B2BAC7E0300BCFD6F /* HomeView.swift */ = {isa = PBXFileReference; lastKnownFileType = sourcecode.swift; path = HomeView.swift; sourceTree = "<group>"; };
		D5439E1D2BAC7E9D00BCFD6F /* GroupsListView.swift */ = {isa = PBXFileReference; lastKnownFileType = sourcecode.swift; path = GroupsListView.swift; sourceTree = "<group>"; };
		D5439E252BAD08A300BCFD6F /* AddGroupView.swift */ = {isa = PBXFileReference; lastKnownFileType = sourcecode.swift; path = AddGroupView.swift; sourceTree = "<group>"; };
		D5439E272BAD09B500BCFD6F /* GroupsVM.swift */ = {isa = PBXFileReference; lastKnownFileType = sourcecode.swift; path = GroupsVM.swift; sourceTree = "<group>"; };
		D5439E2A2BAD0A4D00BCFD6F /* Utilities.swift */ = {isa = PBXFileReference; lastKnownFileType = sourcecode.swift; path = Utilities.swift; sourceTree = "<group>"; };
		D544BAFA2BBE32B1005AE549 /* SearchBar.swift */ = {isa = PBXFileReference; lastKnownFileType = sourcecode.swift; path = SearchBar.swift; sourceTree = "<group>"; };
		D544BAFD2BC0C6F2005AE549 /* PrivateListView.swift */ = {isa = PBXFileReference; lastKnownFileType = sourcecode.swift; path = PrivateListView.swift; sourceTree = "<group>"; };
		D544BAFF2BC0C728005AE549 /* PrivateVM.swift */ = {isa = PBXFileReference; lastKnownFileType = sourcecode.swift; path = PrivateVM.swift; sourceTree = "<group>"; };
		D544BB012BC0C794005AE549 /* PrivateChatView.swift */ = {isa = PBXFileReference; lastKnownFileType = sourcecode.swift; path = PrivateChatView.swift; sourceTree = "<group>"; };
		D544BE012BC1B74A0013C004 /* ProfileHeader.swift */ = {isa = PBXFileReference; lastKnownFileType = sourcecode.swift; path = ProfileHeader.swift; sourceTree = "<group>"; };
		D55F6D482BCDD3DE0048C757 /* ImageCache.swift */ = {isa = PBXFileReference; lastKnownFileType = sourcecode.swift; path = ImageCache.swift; sourceTree = "<group>"; };
		D55F6D4A2BCDD4290048C757 /* CachedAsyncImageView.swift */ = {isa = PBXFileReference; lastKnownFileType = sourcecode.swift; path = CachedAsyncImageView.swift; sourceTree = "<group>"; };
		D57E003F2BDF05EC00C07250 /* CustomTextField.swift */ = {isa = PBXFileReference; lastKnownFileType = sourcecode.swift; path = CustomTextField.swift; sourceTree = "<group>"; };
		D5AD630B2BAE097A002ECFD0 /* ImagePicker.swift */ = {isa = PBXFileReference; lastKnownFileType = sourcecode.swift; path = ImagePicker.swift; sourceTree = "<group>"; };
		D5AD630F2BAE63A1002ECFD0 /* GroupChatView.swift */ = {isa = PBXFileReference; lastKnownFileType = sourcecode.swift; path = GroupChatView.swift; sourceTree = "<group>"; };
		D5AD63112BAE63E4002ECFD0 /* GroupChatVM.swift */ = {isa = PBXFileReference; lastKnownFileType = sourcecode.swift; path = GroupChatVM.swift; sourceTree = "<group>"; };
		D5AD63132BAE680D002ECFD0 /* GroupMessageBubble.swift */ = {isa = PBXFileReference; lastKnownFileType = sourcecode.swift; path = GroupMessageBubble.swift; sourceTree = "<group>"; };
		D5AD63152BAE69A9002ECFD0 /* GroupMsgField.swift */ = {isa = PBXFileReference; lastKnownFileType = sourcecode.swift; path = GroupMsgField.swift; sourceTree = "<group>"; };
		D5AD63172BAF1D06002ECFD0 /* Info.plist */ = {isa = PBXFileReference; lastKnownFileType = text.plist; path = Info.plist; sourceTree = "<group>"; };
		D5AD63182BAF1D41002ECFD0 /* Enums.swift */ = {isa = PBXFileReference; lastKnownFileType = sourcecode.swift; path = Enums.swift; sourceTree = "<group>"; };
		D5AD631A2BAF238A002ECFD0 /* CustomBackButton.swift */ = {isa = PBXFileReference; lastKnownFileType = sourcecode.swift; path = CustomBackButton.swift; sourceTree = "<group>"; };
		D5AD631C2BAF2735002ECFD0 /* RoundedCorner.swift */ = {isa = PBXFileReference; lastKnownFileType = sourcecode.swift; path = RoundedCorner.swift; sourceTree = "<group>"; };
		D5AD631E2BAF27C3002ECFD0 /* UIColor+Extensions.swift */ = {isa = PBXFileReference; lastKnownFileType = sourcecode.swift; path = "UIColor+Extensions.swift"; sourceTree = "<group>"; };
		D5BA875C2BBB886B006CEA8C /* GroupMembersView.swift */ = {isa = PBXFileReference; lastKnownFileType = sourcecode.swift; path = GroupMembersView.swift; sourceTree = "<group>"; };
		D5C7A35F2BBD9D8B00FCAF36 /* TrendingView.swift */ = {isa = PBXFileReference; lastKnownFileType = sourcecode.swift; path = TrendingView.swift; sourceTree = "<group>"; };
		D5FE42E22BB440C100B594DC /* Urbanist-Bold.ttf */ = {isa = PBXFileReference; lastKnownFileType = file; path = "Urbanist-Bold.ttf"; sourceTree = "<group>"; };
		D5FE42E32BB440C100B594DC /* Urbanist-Regular.ttf */ = {isa = PBXFileReference; lastKnownFileType = file; path = "Urbanist-Regular.ttf"; sourceTree = "<group>"; };
		D5FE42E42BB440C100B594DC /* Urbanist-LightItalic.ttf */ = {isa = PBXFileReference; lastKnownFileType = file; path = "Urbanist-LightItalic.ttf"; sourceTree = "<group>"; };
		D5FE42E52BB440C100B594DC /* Urbanist-ExtraLightItalic.ttf */ = {isa = PBXFileReference; lastKnownFileType = file; path = "Urbanist-ExtraLightItalic.ttf"; sourceTree = "<group>"; };
		D5FE42E62BB440C100B594DC /* Urbanist-ExtraBoldItalic.ttf */ = {isa = PBXFileReference; lastKnownFileType = file; path = "Urbanist-ExtraBoldItalic.ttf"; sourceTree = "<group>"; };
		D5FE42E72BB440C100B594DC /* Urbanist-Thin.ttf */ = {isa = PBXFileReference; lastKnownFileType = file; path = "Urbanist-Thin.ttf"; sourceTree = "<group>"; };
		D5FE42E82BB440C100B594DC /* Urbanist-MediumItalic.ttf */ = {isa = PBXFileReference; lastKnownFileType = file; path = "Urbanist-MediumItalic.ttf"; sourceTree = "<group>"; };
		D5FE42E92BB440C100B594DC /* Urbanist-SemiBold.ttf */ = {isa = PBXFileReference; lastKnownFileType = file; path = "Urbanist-SemiBold.ttf"; sourceTree = "<group>"; };
		D5FE42EA2BB440C100B594DC /* Urbanist-Italic.ttf */ = {isa = PBXFileReference; lastKnownFileType = file; path = "Urbanist-Italic.ttf"; sourceTree = "<group>"; };
		D5FE42EB2BB440C100B594DC /* Urbanist-Black.ttf */ = {isa = PBXFileReference; lastKnownFileType = file; path = "Urbanist-Black.ttf"; sourceTree = "<group>"; };
		D5FE42EC2BB440C100B594DC /* Urbanist-BlackItalic.ttf */ = {isa = PBXFileReference; lastKnownFileType = file; path = "Urbanist-BlackItalic.ttf"; sourceTree = "<group>"; };
		D5FE42ED2BB440C100B594DC /* Urbanist-Light.ttf */ = {isa = PBXFileReference; lastKnownFileType = file; path = "Urbanist-Light.ttf"; sourceTree = "<group>"; };
		D5FE42EE2BB440C100B594DC /* Urbanist-SemiBoldItalic.ttf */ = {isa = PBXFileReference; lastKnownFileType = file; path = "Urbanist-SemiBoldItalic.ttf"; sourceTree = "<group>"; };
		D5FE42EF2BB440C100B594DC /* Urbanist-BoldItalic.ttf */ = {isa = PBXFileReference; lastKnownFileType = file; path = "Urbanist-BoldItalic.ttf"; sourceTree = "<group>"; };
		D5FE42F02BB440C100B594DC /* Urbanist-ExtraBold.ttf */ = {isa = PBXFileReference; lastKnownFileType = file; path = "Urbanist-ExtraBold.ttf"; sourceTree = "<group>"; };
		D5FE42F12BB440C100B594DC /* Urbanist-Medium.ttf */ = {isa = PBXFileReference; lastKnownFileType = file; path = "Urbanist-Medium.ttf"; sourceTree = "<group>"; };
		D5FE42F22BB440C100B594DC /* Urbanist-ExtraLight.ttf */ = {isa = PBXFileReference; lastKnownFileType = file; path = "Urbanist-ExtraLight.ttf"; sourceTree = "<group>"; };
		D5FE42F32BB440C100B594DC /* Urbanist-ThinItalic.ttf */ = {isa = PBXFileReference; lastKnownFileType = file; path = "Urbanist-ThinItalic.ttf"; sourceTree = "<group>"; };
/* End PBXFileReference section */

/* Begin PBXFrameworksBuildPhase section */
		D5439DD62BAC650400BCFD6F /* Frameworks */ = {
			isa = PBXFrameworksBuildPhase;
			buildActionMask = 2147483647;
			files = (
				D5439DF62BAC724E00BCFD6F /* FirebaseAnalyticsSwift in Frameworks */,
				D5439DF22BAC724E00BCFD6F /* FirebaseAnalytics in Frameworks */,
				D5AD630E2BAE0E3E002ECFD0 /* FirebaseStorage in Frameworks */,
				D5439DF42BAC724E00BCFD6F /* FirebaseAnalyticsOnDeviceConversion in Frameworks */,
				D5439DFF2BAC72D200BCFD6F /* FirebaseFirestoreSwift in Frameworks */,
				D5439DFA2BAC724E00BCFD6F /* FirebaseAppCheck in Frameworks */,
				D5439DF82BAC724E00BCFD6F /* FirebaseAnalyticsWithoutAdIdSupport in Frameworks */,
				D5439DFD2BAC72C500BCFD6F /* FirebaseFirestore in Frameworks */,
				D5439E102BAC774000BCFD6F /* FirebaseAuth in Frameworks */,
			);
			runOnlyForDeploymentPostprocessing = 0;
		};
/* End PBXFrameworksBuildPhase section */

/* Begin PBXGroup section */
		D5439DD02BAC650400BCFD6F = {
			isa = PBXGroup;
			children = (
				D5439DDB2BAC650400BCFD6F /* GroupChat */,
				D5439DDA2BAC650400BCFD6F /* Products */,
				D5439DFB2BAC72C500BCFD6F /* Frameworks */,
			);
			sourceTree = "<group>";
		};
		D5439DDA2BAC650400BCFD6F /* Products */ = {
			isa = PBXGroup;
			children = (
				D5439DD92BAC650400BCFD6F /* GroupChat.app */,
			);
			name = Products;
			sourceTree = "<group>";
		};
		D5439DDB2BAC650400BCFD6F /* GroupChat */ = {
			isa = PBXGroup;
			children = (
				D5FE42E12BB440C100B594DC /* Fonts */,
				D5AD63172BAF1D06002ECFD0 /* Info.plist */,
				D5439E292BAD0A4200BCFD6F /* HelperClasses */,
				D5439E0B2BAC74EB00BCFD6F /* GoogleService-Info.plist */,
				D5439E032BAC734B00BCFD6F /* Views */,
				D5439E002BAC730500BCFD6F /* Extensions */,
				D5439DED2BAC66F300BCFD6F /* ViewModel */,
				D5439DEA2BAC66CA00BCFD6F /* Model */,
				D5439DDC2BAC650400BCFD6F /* GroupChatApp.swift */,
				D5439DDE2BAC650400BCFD6F /* ContentView.swift */,
				D5439DE02BAC650600BCFD6F /* Assets.xcassets */,
				D5439DE22BAC650600BCFD6F /* Preview Content */,
			);
			path = GroupChat;
			sourceTree = "<group>";
		};
		D5439DE22BAC650600BCFD6F /* Preview Content */ = {
			isa = PBXGroup;
			children = (
				D5439DE32BAC650600BCFD6F /* Preview Assets.xcassets */,
			);
			path = "Preview Content";
			sourceTree = "<group>";
		};
		D5439DEA2BAC66CA00BCFD6F /* Model */ = {
			isa = PBXGroup;
			children = (
				D5439DEB2BAC66DA00BCFD6F /* Message.swift */,
			);
			path = Model;
			sourceTree = "<group>";
		};
		D5439DED2BAC66F300BCFD6F /* ViewModel */ = {
			isa = PBXGroup;
			children = (
				D5439DEE2BAC66FF00BCFD6F /* MessageManager.swift */,
				D5439E0D2BAC768600BCFD6F /* SessionManager.swift */,
				D5439E272BAD09B500BCFD6F /* GroupsVM.swift */,
				D5AD63112BAE63E4002ECFD0 /* GroupChatVM.swift */,
				D544BAFF2BC0C728005AE549 /* PrivateVM.swift */,
			);
			path = ViewModel;
			sourceTree = "<group>";
		};
		D5439DFB2BAC72C500BCFD6F /* Frameworks */ = {
			isa = PBXGroup;
			children = (
			);
			name = Frameworks;
			sourceTree = "<group>";
		};
		D5439E002BAC730500BCFD6F /* Extensions */ = {
			isa = PBXGroup;
			children = (
				D5439E012BAC731A00BCFD6F /* UIView+Extensions.swift */,
				D5AD631E2BAF27C3002ECFD0 /* UIColor+Extensions.swift */,
			);
			path = Extensions;
			sourceTree = "<group>";
		};
		D5439E032BAC734B00BCFD6F /* Views */ = {
			isa = PBXGroup;
			children = (
				D544BE002BC1B7350013C004 /* Profile */,
				D5439E1A2BAC7DF200BCFD6F /* Group */,
				D5439E042BAC735500BCFD6F /* Message */,
				D5439E112BAC77F700BCFD6F /* LoginView.swift */,
				D5439E132BAC781500BCFD6F /* RegisterView.swift */,
				D5439E172BAC788200BCFD6F /* PrivateMsgView.swift */,
				D5439E1B2BAC7E0300BCFD6F /* HomeView.swift */,
			);
			path = Views;
			sourceTree = "<group>";
		};
		D5439E042BAC735500BCFD6F /* Message */ = {
			isa = PBXGroup;
			children = (
				D544BAFD2BC0C6F2005AE549 /* PrivateListView.swift */,
				D544BB012BC0C794005AE549 /* PrivateChatView.swift */,
				D5439E072BAC736E00BCFD6F /* MessageBubble.swift */,
				D5439E062BAC736E00BCFD6F /* MessageField.swift */,
				D5439E052BAC736E00BCFD6F /* TitleRow.swift */,
			);
			path = Message;
			sourceTree = "<group>";
		};
		D5439E1A2BAC7DF200BCFD6F /* Group */ = {
			isa = PBXGroup;
			children = (
				D5C7A35E2BBD9D7B00FCAF36 /* TrendingGroups */,
				D5439E1D2BAC7E9D00BCFD6F /* GroupsListView.swift */,
				D5439E252BAD08A300BCFD6F /* AddGroupView.swift */,
				D5AD630F2BAE63A1002ECFD0 /* GroupChatView.swift */,
				D5AD63132BAE680D002ECFD0 /* GroupMessageBubble.swift */,
				D5AD63152BAE69A9002ECFD0 /* GroupMsgField.swift */,
				D5BA875C2BBB886B006CEA8C /* GroupMembersView.swift */,
			);
			path = Group;
			sourceTree = "<group>";
		};
		D5439E292BAD0A4200BCFD6F /* HelperClasses */ = {
			isa = PBXGroup;
			children = (
				D5439E2A2BAD0A4D00BCFD6F /* Utilities.swift */,
				D5AD630B2BAE097A002ECFD0 /* ImagePicker.swift */,
				D5AD63182BAF1D41002ECFD0 /* Enums.swift */,
				D5AD631A2BAF238A002ECFD0 /* CustomBackButton.swift */,
				D5AD631C2BAF2735002ECFD0 /* RoundedCorner.swift */,
				D544BAFA2BBE32B1005AE549 /* SearchBar.swift */,
				D55F6D482BCDD3DE0048C757 /* ImageCache.swift */,
				D55F6D4A2BCDD4290048C757 /* CachedAsyncImageView.swift */,
				D57E003F2BDF05EC00C07250 /* CustomTextField.swift */,
			);
			path = HelperClasses;
			sourceTree = "<group>";
		};
		D544BE002BC1B7350013C004 /* Profile */ = {
			isa = PBXGroup;
			children = (
				D5439E152BAC784800BCFD6F /* ProfileView.swift */,
				D544BE012BC1B74A0013C004 /* ProfileHeader.swift */,
			);
			path = Profile;
			sourceTree = "<group>";
		};
		D5C7A35E2BBD9D7B00FCAF36 /* TrendingGroups */ = {
			isa = PBXGroup;
			children = (
				D5C7A35F2BBD9D8B00FCAF36 /* TrendingView.swift */,
			);
			path = TrendingGroups;
			sourceTree = "<group>";
		};
		D5FE42E12BB440C100B594DC /* Fonts */ = {
			isa = PBXGroup;
			children = (
				D5FE42E22BB440C100B594DC /* Urbanist-Bold.ttf */,
				D5FE42E32BB440C100B594DC /* Urbanist-Regular.ttf */,
				D5FE42E42BB440C100B594DC /* Urbanist-LightItalic.ttf */,
				D5FE42E52BB440C100B594DC /* Urbanist-ExtraLightItalic.ttf */,
				D5FE42E62BB440C100B594DC /* Urbanist-ExtraBoldItalic.ttf */,
				D5FE42E72BB440C100B594DC /* Urbanist-Thin.ttf */,
				D5FE42E82BB440C100B594DC /* Urbanist-MediumItalic.ttf */,
				D5FE42E92BB440C100B594DC /* Urbanist-SemiBold.ttf */,
				D5FE42EA2BB440C100B594DC /* Urbanist-Italic.ttf */,
				D5FE42EB2BB440C100B594DC /* Urbanist-Black.ttf */,
				D5FE42EC2BB440C100B594DC /* Urbanist-BlackItalic.ttf */,
				D5FE42ED2BB440C100B594DC /* Urbanist-Light.ttf */,
				D5FE42EE2BB440C100B594DC /* Urbanist-SemiBoldItalic.ttf */,
				D5FE42EF2BB440C100B594DC /* Urbanist-BoldItalic.ttf */,
				D5FE42F02BB440C100B594DC /* Urbanist-ExtraBold.ttf */,
				D5FE42F12BB440C100B594DC /* Urbanist-Medium.ttf */,
				D5FE42F22BB440C100B594DC /* Urbanist-ExtraLight.ttf */,
				D5FE42F32BB440C100B594DC /* Urbanist-ThinItalic.ttf */,
			);
			path = Fonts;
			sourceTree = "<group>";
		};
/* End PBXGroup section */

/* Begin PBXNativeTarget section */
		D5439DD82BAC650400BCFD6F /* GroupChat */ = {
			isa = PBXNativeTarget;
			buildConfigurationList = D5439DE72BAC650600BCFD6F /* Build configuration list for PBXNativeTarget "GroupChat" */;
			buildPhases = (
				D5439DD52BAC650400BCFD6F /* Sources */,
				D5439DD62BAC650400BCFD6F /* Frameworks */,
				D5439DD72BAC650400BCFD6F /* Resources */,
			);
			buildRules = (
			);
			dependencies = (
			);
			name = GroupChat;
			packageProductDependencies = (
				D5439DF12BAC724E00BCFD6F /* FirebaseAnalytics */,
				D5439DF32BAC724E00BCFD6F /* FirebaseAnalyticsOnDeviceConversion */,
				D5439DF52BAC724E00BCFD6F /* FirebaseAnalyticsSwift */,
				D5439DF72BAC724E00BCFD6F /* FirebaseAnalyticsWithoutAdIdSupport */,
				D5439DF92BAC724E00BCFD6F /* FirebaseAppCheck */,
				D5439DFC2BAC72C500BCFD6F /* FirebaseFirestore */,
				D5439DFE2BAC72D200BCFD6F /* FirebaseFirestoreSwift */,
				D5439E0F2BAC774000BCFD6F /* FirebaseAuth */,
				D5AD630D2BAE0E3E002ECFD0 /* FirebaseStorage */,
			);
			productName = GroupChat;
			productReference = D5439DD92BAC650400BCFD6F /* GroupChat.app */;
			productType = "com.apple.product-type.application";
		};
/* End PBXNativeTarget section */

/* Begin PBXProject section */
		D5439DD12BAC650400BCFD6F /* Project object */ = {
			isa = PBXProject;
			attributes = {
				BuildIndependentTargetsInParallel = 1;
				LastSwiftUpdateCheck = 1500;
				LastUpgradeCheck = 1500;
				TargetAttributes = {
					D5439DD82BAC650400BCFD6F = {
						CreatedOnToolsVersion = 15.0;
					};
				};
			};
			buildConfigurationList = D5439DD42BAC650400BCFD6F /* Build configuration list for PBXProject "GroupChat" */;
			compatibilityVersion = "Xcode 14.0";
			developmentRegion = en;
			hasScannedForEncodings = 0;
			knownRegions = (
				en,
				Base,
			);
			mainGroup = D5439DD02BAC650400BCFD6F;
			packageReferences = (
				D5439DF02BAC724D00BCFD6F /* XCRemoteSwiftPackageReference "firebase-ios-sdk" */,
			);
			productRefGroup = D5439DDA2BAC650400BCFD6F /* Products */;
			projectDirPath = "";
			projectRoot = "";
			targets = (
				D5439DD82BAC650400BCFD6F /* GroupChat */,
			);
		};
/* End PBXProject section */

/* Begin PBXResourcesBuildPhase section */
		D5439DD72BAC650400BCFD6F /* Resources */ = {
			isa = PBXResourcesBuildPhase;
			buildActionMask = 2147483647;
			files = (
				D5FE42F92BB440C200B594DC /* Urbanist-Thin.ttf in Resources */,
				D5FE43002BB440C200B594DC /* Urbanist-SemiBoldItalic.ttf in Resources */,
				D5FE42FB2BB440C200B594DC /* Urbanist-SemiBold.ttf in Resources */,
				D5FE42FC2BB440C200B594DC /* Urbanist-Italic.ttf in Resources */,
				D5FE42FA2BB440C200B594DC /* Urbanist-MediumItalic.ttf in Resources */,
				D5FE42FD2BB440C200B594DC /* Urbanist-Black.ttf in Resources */,
				D5FE43032BB440C200B594DC /* Urbanist-Medium.ttf in Resources */,
				D5FE42F82BB440C200B594DC /* Urbanist-ExtraBoldItalic.ttf in Resources */,
				D5FE43012BB440C200B594DC /* Urbanist-BoldItalic.ttf in Resources */,
				D5FE43022BB440C200B594DC /* Urbanist-ExtraBold.ttf in Resources */,
				D5FE43052BB440C200B594DC /* Urbanist-ThinItalic.ttf in Resources */,
				D5FE42F72BB440C200B594DC /* Urbanist-ExtraLightItalic.ttf in Resources */,
				D5439DE42BAC650600BCFD6F /* Preview Assets.xcassets in Resources */,
				D5439DE12BAC650600BCFD6F /* Assets.xcassets in Resources */,
				D5439E0C2BAC74EB00BCFD6F /* GoogleService-Info.plist in Resources */,
				D5FE42F62BB440C200B594DC /* Urbanist-LightItalic.ttf in Resources */,
				D5FE42F42BB440C200B594DC /* Urbanist-Bold.ttf in Resources */,
				D5FE43042BB440C200B594DC /* Urbanist-ExtraLight.ttf in Resources */,
				D5FE42FE2BB440C200B594DC /* Urbanist-BlackItalic.ttf in Resources */,
				D5FE42FF2BB440C200B594DC /* Urbanist-Light.ttf in Resources */,
				D5FE42F52BB440C200B594DC /* Urbanist-Regular.ttf in Resources */,
			);
			runOnlyForDeploymentPostprocessing = 0;
		};
/* End PBXResourcesBuildPhase section */

/* Begin PBXSourcesBuildPhase section */
		D5439DD52BAC650400BCFD6F /* Sources */ = {
			isa = PBXSourcesBuildPhase;
			buildActionMask = 2147483647;
			files = (
				D5439E142BAC781500BCFD6F /* RegisterView.swift in Sources */,
				D5439E1C2BAC7E0300BCFD6F /* HomeView.swift in Sources */,
				D5439E1E2BAC7E9D00BCFD6F /* GroupsListView.swift in Sources */,
				D5C7A3602BBD9D8B00FCAF36 /* TrendingView.swift in Sources */,
				D5439DEC2BAC66DA00BCFD6F /* Message.swift in Sources */,
				D55F6D492BCDD3DE0048C757 /* ImageCache.swift in Sources */,
				D5AD631D2BAF2735002ECFD0 /* RoundedCorner.swift in Sources */,
				D57E00402BDF05EC00C07250 /* CustomTextField.swift in Sources */,
				D5439DDF2BAC650400BCFD6F /* ContentView.swift in Sources */,
				D5439E0E2BAC768600BCFD6F /* SessionManager.swift in Sources */,
				D544BB002BC0C728005AE549 /* PrivateVM.swift in Sources */,
				D5AD631B2BAF238A002ECFD0 /* CustomBackButton.swift in Sources */,
				D5439E2B2BAD0A4D00BCFD6F /* Utilities.swift in Sources */,
				D5AD630C2BAE097A002ECFD0 /* ImagePicker.swift in Sources */,
				D5439E182BAC788200BCFD6F /* PrivateMsgView.swift in Sources */,
				D5439E162BAC784900BCFD6F /* ProfileView.swift in Sources */,
				D5439E022BAC731A00BCFD6F /* UIView+Extensions.swift in Sources */,
				D5BA875D2BBB886B006CEA8C /* GroupMembersView.swift in Sources */,
				D5439E282BAD09B500BCFD6F /* GroupsVM.swift in Sources */,
				D5AD63162BAE69A9002ECFD0 /* GroupMsgField.swift in Sources */,
				D544BAFB2BBE32B1005AE549 /* SearchBar.swift in Sources */,
				D5439E092BAC736E00BCFD6F /* MessageField.swift in Sources */,
				D55F6D4B2BCDD4290048C757 /* CachedAsyncImageView.swift in Sources */,
				D5AD63122BAE63E4002ECFD0 /* GroupChatVM.swift in Sources */,
				D5439DDD2BAC650400BCFD6F /* GroupChatApp.swift in Sources */,
				D544BB022BC0C794005AE549 /* PrivateChatView.swift in Sources */,
				D5AD63102BAE63A1002ECFD0 /* GroupChatView.swift in Sources */,
				D5439DEF2BAC66FF00BCFD6F /* MessageManager.swift in Sources */,
				D5439E082BAC736E00BCFD6F /* TitleRow.swift in Sources */,
				D5439E122BAC77F700BCFD6F /* LoginView.swift in Sources */,
				D5AD63142BAE680D002ECFD0 /* GroupMessageBubble.swift in Sources */,
				D544BE022BC1B74A0013C004 /* ProfileHeader.swift in Sources */,
				D544BAFE2BC0C6F2005AE549 /* PrivateListView.swift in Sources */,
				D5439E262BAD08A300BCFD6F /* AddGroupView.swift in Sources */,
				D5AD63192BAF1D41002ECFD0 /* Enums.swift in Sources */,
				D5AD631F2BAF27C3002ECFD0 /* UIColor+Extensions.swift in Sources */,
				D5439E0A2BAC736E00BCFD6F /* MessageBubble.swift in Sources */,
			);
			runOnlyForDeploymentPostprocessing = 0;
		};
/* End PBXSourcesBuildPhase section */

/* Begin XCBuildConfiguration section */
		D5439DE52BAC650600BCFD6F /* Debug */ = {
			isa = XCBuildConfiguration;
			buildSettings = {
				ALWAYS_SEARCH_USER_PATHS = NO;
				ASSETCATALOG_COMPILER_GENERATE_SWIFT_ASSET_SYMBOL_EXTENSIONS = YES;
				CLANG_ANALYZER_NONNULL = YES;
				CLANG_ANALYZER_NUMBER_OBJECT_CONVERSION = YES_AGGRESSIVE;
				CLANG_CXX_LANGUAGE_STANDARD = "gnu++20";
				CLANG_ENABLE_MODULES = YES;
				CLANG_ENABLE_OBJC_ARC = YES;
				CLANG_ENABLE_OBJC_WEAK = YES;
				CLANG_WARN_BLOCK_CAPTURE_AUTORELEASING = YES;
				CLANG_WARN_BOOL_CONVERSION = YES;
				CLANG_WARN_COMMA = YES;
				CLANG_WARN_CONSTANT_CONVERSION = YES;
				CLANG_WARN_DEPRECATED_OBJC_IMPLEMENTATIONS = YES;
				CLANG_WARN_DIRECT_OBJC_ISA_USAGE = YES_ERROR;
				CLANG_WARN_DOCUMENTATION_COMMENTS = YES;
				CLANG_WARN_EMPTY_BODY = YES;
				CLANG_WARN_ENUM_CONVERSION = YES;
				CLANG_WARN_INFINITE_RECURSION = YES;
				CLANG_WARN_INT_CONVERSION = YES;
				CLANG_WARN_NON_LITERAL_NULL_CONVERSION = YES;
				CLANG_WARN_OBJC_IMPLICIT_RETAIN_SELF = YES;
				CLANG_WARN_OBJC_LITERAL_CONVERSION = YES;
				CLANG_WARN_OBJC_ROOT_CLASS = YES_ERROR;
				CLANG_WARN_QUOTED_INCLUDE_IN_FRAMEWORK_HEADER = YES;
				CLANG_WARN_RANGE_LOOP_ANALYSIS = YES;
				CLANG_WARN_STRICT_PROTOTYPES = YES;
				CLANG_WARN_SUSPICIOUS_MOVE = YES;
				CLANG_WARN_UNGUARDED_AVAILABILITY = YES_AGGRESSIVE;
				CLANG_WARN_UNREACHABLE_CODE = YES;
				CLANG_WARN__DUPLICATE_METHOD_MATCH = YES;
				COPY_PHASE_STRIP = NO;
				DEBUG_INFORMATION_FORMAT = dwarf;
				ENABLE_STRICT_OBJC_MSGSEND = YES;
				ENABLE_TESTABILITY = YES;
				ENABLE_USER_SCRIPT_SANDBOXING = YES;
				GCC_C_LANGUAGE_STANDARD = gnu17;
				GCC_DYNAMIC_NO_PIC = NO;
				GCC_NO_COMMON_BLOCKS = YES;
				GCC_OPTIMIZATION_LEVEL = 0;
				GCC_PREPROCESSOR_DEFINITIONS = (
					"DEBUG=1",
					"$(inherited)",
				);
				GCC_WARN_64_TO_32_BIT_CONVERSION = YES;
				GCC_WARN_ABOUT_RETURN_TYPE = YES_ERROR;
				GCC_WARN_UNDECLARED_SELECTOR = YES;
				GCC_WARN_UNINITIALIZED_AUTOS = YES_AGGRESSIVE;
				GCC_WARN_UNUSED_FUNCTION = YES;
				GCC_WARN_UNUSED_VARIABLE = YES;
				IPHONEOS_DEPLOYMENT_TARGET = 17.0;
				LOCALIZATION_PREFERS_STRING_CATALOGS = YES;
				MTL_ENABLE_DEBUG_INFO = INCLUDE_SOURCE;
				MTL_FAST_MATH = YES;
				ONLY_ACTIVE_ARCH = YES;
				SDKROOT = iphoneos;
				SWIFT_ACTIVE_COMPILATION_CONDITIONS = "DEBUG $(inherited)";
				SWIFT_OPTIMIZATION_LEVEL = "-Onone";
			};
			name = Debug;
		};
		D5439DE62BAC650600BCFD6F /* Release */ = {
			isa = XCBuildConfiguration;
			buildSettings = {
				ALWAYS_SEARCH_USER_PATHS = NO;
				ASSETCATALOG_COMPILER_GENERATE_SWIFT_ASSET_SYMBOL_EXTENSIONS = YES;
				CLANG_ANALYZER_NONNULL = YES;
				CLANG_ANALYZER_NUMBER_OBJECT_CONVERSION = YES_AGGRESSIVE;
				CLANG_CXX_LANGUAGE_STANDARD = "gnu++20";
				CLANG_ENABLE_MODULES = YES;
				CLANG_ENABLE_OBJC_ARC = YES;
				CLANG_ENABLE_OBJC_WEAK = YES;
				CLANG_WARN_BLOCK_CAPTURE_AUTORELEASING = YES;
				CLANG_WARN_BOOL_CONVERSION = YES;
				CLANG_WARN_COMMA = YES;
				CLANG_WARN_CONSTANT_CONVERSION = YES;
				CLANG_WARN_DEPRECATED_OBJC_IMPLEMENTATIONS = YES;
				CLANG_WARN_DIRECT_OBJC_ISA_USAGE = YES_ERROR;
				CLANG_WARN_DOCUMENTATION_COMMENTS = YES;
				CLANG_WARN_EMPTY_BODY = YES;
				CLANG_WARN_ENUM_CONVERSION = YES;
				CLANG_WARN_INFINITE_RECURSION = YES;
				CLANG_WARN_INT_CONVERSION = YES;
				CLANG_WARN_NON_LITERAL_NULL_CONVERSION = YES;
				CLANG_WARN_OBJC_IMPLICIT_RETAIN_SELF = YES;
				CLANG_WARN_OBJC_LITERAL_CONVERSION = YES;
				CLANG_WARN_OBJC_ROOT_CLASS = YES_ERROR;
				CLANG_WARN_QUOTED_INCLUDE_IN_FRAMEWORK_HEADER = YES;
				CLANG_WARN_RANGE_LOOP_ANALYSIS = YES;
				CLANG_WARN_STRICT_PROTOTYPES = YES;
				CLANG_WARN_SUSPICIOUS_MOVE = YES;
				CLANG_WARN_UNGUARDED_AVAILABILITY = YES_AGGRESSIVE;
				CLANG_WARN_UNREACHABLE_CODE = YES;
				CLANG_WARN__DUPLICATE_METHOD_MATCH = YES;
				COPY_PHASE_STRIP = NO;
				DEBUG_INFORMATION_FORMAT = "dwarf-with-dsym";
				ENABLE_NS_ASSERTIONS = NO;
				ENABLE_STRICT_OBJC_MSGSEND = YES;
				ENABLE_USER_SCRIPT_SANDBOXING = YES;
				GCC_C_LANGUAGE_STANDARD = gnu17;
				GCC_NO_COMMON_BLOCKS = YES;
				GCC_WARN_64_TO_32_BIT_CONVERSION = YES;
				GCC_WARN_ABOUT_RETURN_TYPE = YES_ERROR;
				GCC_WARN_UNDECLARED_SELECTOR = YES;
				GCC_WARN_UNINITIALIZED_AUTOS = YES_AGGRESSIVE;
				GCC_WARN_UNUSED_FUNCTION = YES;
				GCC_WARN_UNUSED_VARIABLE = YES;
				IPHONEOS_DEPLOYMENT_TARGET = 17.0;
				LOCALIZATION_PREFERS_STRING_CATALOGS = YES;
				MTL_ENABLE_DEBUG_INFO = NO;
				MTL_FAST_MATH = YES;
				SDKROOT = iphoneos;
				SWIFT_COMPILATION_MODE = wholemodule;
				VALIDATE_PRODUCT = YES;
			};
			name = Release;
		};
		D5439DE82BAC650600BCFD6F /* Debug */ = {
			isa = XCBuildConfiguration;
			buildSettings = {
				ASSETCATALOG_COMPILER_APPICON_NAME = AppIcon;
				ASSETCATALOG_COMPILER_GLOBAL_ACCENT_COLOR_NAME = AccentColor;
				CODE_SIGN_IDENTITY = "Apple Development";
				CODE_SIGN_STYLE = Automatic;
				CURRENT_PROJECT_VERSION = 1;
				DEVELOPMENT_ASSET_PATHS = "\"GroupChat/Preview Content\"";
				DEVELOPMENT_TEAM = XDNGURW54Q;
				ENABLE_PREVIEWS = YES;
				GENERATE_INFOPLIST_FILE = YES;
				INFOPLIST_FILE = GroupChat/Info.plist;
				INFOPLIST_KEY_CFBundleDisplayName = "Anonymous Group Chats";
				INFOPLIST_KEY_NSAppleMusicUsageDescription = "Wants to Acess Libray to upload profile pictures";
				INFOPLIST_KEY_UIApplicationSceneManifest_Generation = YES;
				INFOPLIST_KEY_UIApplicationSupportsIndirectInputEvents = YES;
				INFOPLIST_KEY_UILaunchScreen_Generation = YES;
				INFOPLIST_KEY_UISupportedInterfaceOrientations_iPad = "UIInterfaceOrientationPortrait UIInterfaceOrientationPortraitUpsideDown UIInterfaceOrientationLandscapeLeft UIInterfaceOrientationLandscapeRight";
				INFOPLIST_KEY_UISupportedInterfaceOrientations_iPhone = "UIInterfaceOrientationPortrait UIInterfaceOrientationLandscapeLeft UIInterfaceOrientationLandscapeRight";
				INFOPLIST_KEY_UIUserInterfaceStyle = Light;
				LD_RUNPATH_SEARCH_PATHS = (
					"$(inherited)",
					"@executable_path/Frameworks",
				);
				MARKETING_VERSION = 1.0.2;
				PRODUCT_BUNDLE_IDENTIFIER = com.mahadmohamed.groupchat;
				PRODUCT_NAME = "$(TARGET_NAME)";
				PROVISIONING_PROFILE_SPECIFIER = "";
				SWIFT_EMIT_LOC_STRINGS = YES;
				SWIFT_VERSION = 5.0;
				TARGETED_DEVICE_FAMILY = "1,2";
			};
			name = Debug;
		};
		D5439DE92BAC650600BCFD6F /* Release */ = {
			isa = XCBuildConfiguration;
			buildSettings = {
				ASSETCATALOG_COMPILER_APPICON_NAME = AppIcon;
				ASSETCATALOG_COMPILER_GLOBAL_ACCENT_COLOR_NAME = AccentColor;
				CODE_SIGN_IDENTITY = "Apple Development";
				"CODE_SIGN_IDENTITY[sdk=iphoneos*]" = "iPhone Distribution";
				CODE_SIGN_STYLE = Manual;
				CURRENT_PROJECT_VERSION = 1;
				DEVELOPMENT_ASSET_PATHS = "\"GroupChat/Preview Content\"";
				DEVELOPMENT_TEAM = "";
				"DEVELOPMENT_TEAM[sdk=iphoneos*]" = XDNGURW54Q;
				ENABLE_PREVIEWS = YES;
				GENERATE_INFOPLIST_FILE = YES;
				INFOPLIST_FILE = GroupChat/Info.plist;
				INFOPLIST_KEY_CFBundleDisplayName = "Anonymous Group Chats";
				INFOPLIST_KEY_NSAppleMusicUsageDescription = "Wants to Acess Libray to upload profile pictures";
				INFOPLIST_KEY_UIApplicationSceneManifest_Generation = YES;
				INFOPLIST_KEY_UIApplicationSupportsIndirectInputEvents = YES;
				INFOPLIST_KEY_UILaunchScreen_Generation = YES;
				INFOPLIST_KEY_UISupportedInterfaceOrientations_iPad = "UIInterfaceOrientationPortrait UIInterfaceOrientationPortraitUpsideDown UIInterfaceOrientationLandscapeLeft UIInterfaceOrientationLandscapeRight";
				INFOPLIST_KEY_UISupportedInterfaceOrientations_iPhone = "UIInterfaceOrientationPortrait UIInterfaceOrientationLandscapeLeft UIInterfaceOrientationLandscapeRight";
				INFOPLIST_KEY_UIUserInterfaceStyle = Light;
				LD_RUNPATH_SEARCH_PATHS = (
					"$(inherited)",
					"@executable_path/Frameworks",
				);
				MARKETING_VERSION = 1.0.2;
				PRODUCT_BUNDLE_IDENTIFIER = com.mahadmohamed.groupchat;
				PRODUCT_NAME = "$(TARGET_NAME)";
				PROVISIONING_PROFILE_SPECIFIER = "";
				"PROVISIONING_PROFILE_SPECIFIER[sdk=iphoneos*]" = MahadDistribution;
				SWIFT_EMIT_LOC_STRINGS = YES;
				SWIFT_VERSION = 5.0;
				TARGETED_DEVICE_FAMILY = "1,2";
			};
			name = Release;
		};
/* End XCBuildConfiguration section */

/* Begin XCConfigurationList section */
		D5439DD42BAC650400BCFD6F /* Build configuration list for PBXProject "GroupChat" */ = {
			isa = XCConfigurationList;
			buildConfigurations = (
				D5439DE52BAC650600BCFD6F /* Debug */,
				D5439DE62BAC650600BCFD6F /* Release */,
			);
			defaultConfigurationIsVisible = 0;
			defaultConfigurationName = Release;
		};
		D5439DE72BAC650600BCFD6F /* Build configuration list for PBXNativeTarget "GroupChat" */ = {
			isa = XCConfigurationList;
			buildConfigurations = (
				D5439DE82BAC650600BCFD6F /* Debug */,
				D5439DE92BAC650600BCFD6F /* Release */,
			);
			defaultConfigurationIsVisible = 0;
			defaultConfigurationName = Release;
		};
/* End XCConfigurationList section */

/* Begin XCRemoteSwiftPackageReference section */
		D5439DF02BAC724D00BCFD6F /* XCRemoteSwiftPackageReference "firebase-ios-sdk" */ = {
			isa = XCRemoteSwiftPackageReference;
			repositoryURL = "https://github.com/firebase/firebase-ios-sdk";
			requirement = {
				kind = upToNextMajorVersion;
				minimumVersion = 10.23.0;
			};
		};
/* End XCRemoteSwiftPackageReference section */

/* Begin XCSwiftPackageProductDependency section */
		D5439DF12BAC724E00BCFD6F /* FirebaseAnalytics */ = {
			isa = XCSwiftPackageProductDependency;
			package = D5439DF02BAC724D00BCFD6F /* XCRemoteSwiftPackageReference "firebase-ios-sdk" */;
			productName = FirebaseAnalytics;
		};
		D5439DF32BAC724E00BCFD6F /* FirebaseAnalyticsOnDeviceConversion */ = {
			isa = XCSwiftPackageProductDependency;
			package = D5439DF02BAC724D00BCFD6F /* XCRemoteSwiftPackageReference "firebase-ios-sdk" */;
			productName = FirebaseAnalyticsOnDeviceConversion;
		};
		D5439DF52BAC724E00BCFD6F /* FirebaseAnalyticsSwift */ = {
			isa = XCSwiftPackageProductDependency;
			package = D5439DF02BAC724D00BCFD6F /* XCRemoteSwiftPackageReference "firebase-ios-sdk" */;
			productName = FirebaseAnalyticsSwift;
		};
		D5439DF72BAC724E00BCFD6F /* FirebaseAnalyticsWithoutAdIdSupport */ = {
			isa = XCSwiftPackageProductDependency;
			package = D5439DF02BAC724D00BCFD6F /* XCRemoteSwiftPackageReference "firebase-ios-sdk" */;
			productName = FirebaseAnalyticsWithoutAdIdSupport;
		};
		D5439DF92BAC724E00BCFD6F /* FirebaseAppCheck */ = {
			isa = XCSwiftPackageProductDependency;
			package = D5439DF02BAC724D00BCFD6F /* XCRemoteSwiftPackageReference "firebase-ios-sdk" */;
			productName = FirebaseAppCheck;
		};
		D5439DFC2BAC72C500BCFD6F /* FirebaseFirestore */ = {
			isa = XCSwiftPackageProductDependency;
			package = D5439DF02BAC724D00BCFD6F /* XCRemoteSwiftPackageReference "firebase-ios-sdk" */;
			productName = FirebaseFirestore;
		};
		D5439DFE2BAC72D200BCFD6F /* FirebaseFirestoreSwift */ = {
			isa = XCSwiftPackageProductDependency;
			package = D5439DF02BAC724D00BCFD6F /* XCRemoteSwiftPackageReference "firebase-ios-sdk" */;
			productName = FirebaseFirestoreSwift;
		};
		D5439E0F2BAC774000BCFD6F /* FirebaseAuth */ = {
			isa = XCSwiftPackageProductDependency;
			package = D5439DF02BAC724D00BCFD6F /* XCRemoteSwiftPackageReference "firebase-ios-sdk" */;
			productName = FirebaseAuth;
		};
		D5AD630D2BAE0E3E002ECFD0 /* FirebaseStorage */ = {
			isa = XCSwiftPackageProductDependency;
			package = D5439DF02BAC724D00BCFD6F /* XCRemoteSwiftPackageReference "firebase-ios-sdk" */;
			productName = FirebaseStorage;
		};
/* End XCSwiftPackageProductDependency section */
	};
	rootObject = D5439DD12BAC650400BCFD6F /* Project object */;
}
